
Microsoft Visual Studio Solution File, Format Version 12.00
# Visual Studio 14
VisualStudioVersion = 14.0.25420.1
MinimumVisualStudioVersion = 10.0.40219.1
Project("{FAE04EC0-301F-11D3-BF4B-00C04F79EFBC}") = "Kampİntro", "Kampİntro\Kampİntro.csproj", "{015769F8-4A0E-4FC4-89D1-390E10B17FC0}"
EndProject
Project("{FAE04EC0-301F-11D3-BF4B-00C04F79EFBC}") = "Donguler", "Donguler\Donguler.csproj", "{5C57AD70-4C36-4B18-BEC8-77C02DE896DB}"
EndProject
Project("{FAE04EC0-301F-11D3-BF4B-00C04F79EFBC}") = "ClassInto", "ClassInto\ClassInto.csproj", "{325A1600-C86B-4383-8FAA-63CCFF5D64F8}"
EndProject
Project("{FAE04EC0-301F-11D3-BF4B-00C04F79EFBC}") = "Metotlar", "Metotlar\Metotlar.csproj", "{4B648B8A-3CAA-4DA3-8F7A-C31031E29901}"
EndProject
Project("{FAE04EC0-301F-11D3-BF4B-00C04F79EFBC}") = "Matematik", "Matematik\Matematik.csproj", "{C4AEA7AE-347E-4A8E-B6F8-3B201D8BDC78}"
EndProject
Project("{FAE04EC0-301F-11D3-BF4B-00C04F79EFBC}") = "DegerVeReferansTipler", "DegerVeReferansTipler\DegerVeReferansTipler.csproj", "{704976BD-6E15-4B22-A6C3-6E07CE190C4A}"
EndProject
Project("{FAE04EC0-301F-11D3-BF4B-00C04F79EFBC}") = "OOP1", "OOP1\OOP1.csproj", "{BEDA2897-D050-4E97-A1F6-679CCD557A60}"
EndProject
Project("{FAE04EC0-301F-11D3-BF4B-00C04F79EFBC}") = "Koleksiyonlar", "Koleksiyonlar\Koleksiyonlar.csproj", "{E5EF76A0-59E8-4A08-A42C-0DAAA36C2A20}"
EndProject
Project("{FAE04EC0-301F-11D3-BF4B-00C04F79EFBC}") = "GenericsIntro", "GenericsIntro\GenericsIntro.csproj", "{8BCE49ED-6729-473D-B25B-AC8A61B5D79E}"
EndProject
Global
	GlobalSection(SolutionConfigurationPlatforms) = preSolution
		Debug|Any CPU = Debug|Any CPU
		Release|Any CPU = Release|Any CPU
	EndGlobalSection
	GlobalSection(ProjectConfigurationPlatforms) = postSolution
		{015769F8-4A0E-4FC4-89D1-390E10B17FC0}.Debug|Any CPU.ActiveCfg = Debug|Any CPU
		{015769F8-4A0E-4FC4-89D1-390E10B17FC0}.Debug|Any CPU.Build.0 = Debug|Any CPU
		{015769F8-4A0E-4FC4-89D1-390E10B17FC0}.Release|Any CPU.ActiveCfg = Release|Any CPU
		{015769F8-4A0E-4FC4-89D1-390E10B17FC0}.Release|Any CPU.Build.0 = Release|Any CPU
		{5C57AD70-4C36-4B18-BEC8-77C02DE896DB}.Debug|Any CPU.ActiveCfg = Debug|Any CPU
		{5C57AD70-4C36-4B18-BEC8-77C02DE896DB}.Debug|Any CPU.Build.0 = Debug|Any CPU
		{5C57AD70-4C36-4B18-BEC8-77C02DE896DB}.Release|Any CPU.ActiveCfg = Release|Any CPU
		{5C57AD70-4C36-4B18-BEC8-77C02DE896DB}.Release|Any CPU.Build.0 = Release|Any CPU
		{325A1600-C86B-4383-8FAA-63CCFF5D64F8}.Debug|Any CPU.ActiveCfg = Debug|Any CPU
		{325A1600-C86B-4383-8FAA-63CCFF5D64F8}.Debug|Any CPU.Build.0 = Debug|Any CPU
		{325A1600-C86B-4383-8FAA-63CCFF5D64F8}.Release|Any CPU.ActiveCfg = Release|Any CPU
		{325A1600-C86B-4383-8FAA-63CCFF5D64F8}.Release|Any CPU.Build.0 = Release|Any CPU
		{4B648B8A-3CAA-4DA3-8F7A-C31031E29901}.Debug|Any CPU.ActiveCfg = Debug|Any CPU
		{4B648B8A-3CAA-4DA3-8F7A-C31031E29901}.Debug|Any CPU.Build.0 = Debug|Any CPU
		{4B648B8A-3CAA-4DA3-8F7A-C31031E29901}.Release|Any CPU.ActiveCfg = Release|Any CPU
		{4B648B8A-3CAA-4DA3-8F7A-C31031E29901}.Release|Any CPU.Build.0 = Release|Any CPU
		{C4AEA7AE-347E-4A8E-B6F8-3B201D8BDC78}.Debug|Any CPU.ActiveCfg = Debug|Any CPU
		{C4AEA7AE-347E-4A8E-B6F8-3B201D8BDC78}.Debug|Any CPU.Build.0 = Debug|Any CPU
		{C4AEA7AE-347E-4A8E-B6F8-3B201D8BDC78}.Release|Any CPU.ActiveCfg = Release|Any CPU
		{C4AEA7AE-347E-4A8E-B6F8-3B201D8BDC78}.Release|Any CPU.Build.0 = Release|Any CPU
		{704976BD-6E15-4B22-A6C3-6E07CE190C4A}.Debug|Any CPU.ActiveCfg = Debug|Any CPU
		{704976BD-6E15-4B22-A6C3-6E07CE190C4A}.Debug|Any CPU.Build.0 = Debug|Any CPU
		{704976BD-6E15-4B22-A6C3-6E07CE190C4A}.Release|Any CPU.ActiveCfg = Release|Any CPU
		{704976BD-6E15-4B22-A6C3-6E07CE190C4A}.Release|Any CPU.Build.0 = Release|Any CPU
		{BEDA2897-D050-4E97-A1F6-679CCD557A60}.Debug|Any CPU.ActiveCfg = Debug|Any CPU
		{BEDA2897-D050-4E97-A1F6-679CCD557A60}.Debug|Any CPU.Build.0 = Debug|Any CPU
		{BEDA2897-D050-4E97-A1F6-679CCD557A60}.Release|Any CPU.ActiveCfg = Release|Any CPU
		{BEDA2897-D050-4E97-A1F6-679CCD557A60}.Release|Any CPU.Build.0 = Release|Any CPU
		{E5EF76A0-59E8-4A08-A42C-0DAAA36C2A20}.Debug|Any CPU.ActiveCfg = Debug|Any CPU
		{E5EF76A0-59E8-4A08-A42C-0DAAA36C2A20}.Debug|Any CPU.Build.0 = Debug|Any CPU
		{E5EF76A0-59E8-4A08-A42C-0DAAA36C2A20}.Release|Any CPU.ActiveCfg = Release|Any CPU
		{E5EF76A0-59E8-4A08-A42C-0DAAA36C2A20}.Release|Any CPU.Build.0 = Release|Any CPU
		{8BCE49ED-6729-473D-B25B-AC8A61B5D79E}.Debug|Any CPU.ActiveCfg = Debug|Any CPU
		{8BCE49ED-6729-473D-B25B-AC8A61B5D79E}.Debug|Any CPU.Build.0 = Debug|Any CPU
		{8BCE49ED-6729-473D-B25B-AC8A61B5D79E}.Release|Any CPU.ActiveCfg = Release|Any CPU
		{8BCE49ED-6729-473D-B25B-AC8A61B5D79E}.Release|Any CPU.Build.0 = Release|Any CPU
	EndGlobalSection
	GlobalSection(SolutionProperties) = preSolution
		HideSolutionNode = FALSE
	EndGlobalSection
EndGlobal
